
Microsoft Visual Studio Solution File, Format Version 12.00
# Visual Studio Version 16
VisualStudioVersion = 16.0.29609.76
MinimumVisualStudioVersion = 10.0.40219.1
Project("{FAE04EC0-301F-11D3-BF4B-00C04F79EFBC}") = "ILS", "ILS\ILS.csproj", "{3C295AA3-03C8-4CDC-8490-81A9EA1BADCD}"
EndProject
Global
	GlobalSection(SolutionConfigurationPlatforms) = preSolution
		Debug|Any CPU = Debug|Any CPU
		Release|Any CPU = Release|Any CPU
	EndGlobalSection
	GlobalSection(ProjectConfigurationPlatforms) = postSolution
		{3C295AA3-03C8-4CDC-8490-81A9EA1BADCD}.Debug|Any CPU.ActiveCfg = Debug|Any CPU
		{3C295AA3-03C8-4CDC-8490-81A9EA1BADCD}.Debug|Any CPU.Build.0 = Debug|Any CPU
		{3C295AA3-03C8-4CDC-8490-81A9EA1BADCD}.Release|Any CPU.ActiveCfg = Release|Any CPU
		{3C295AA3-03C8-4CDC-8490-81A9EA1BADCD}.Release|Any CPU.Build.0 = Release|Any CPU
	EndGlobalSection
	GlobalSection(SolutionProperties) = preSolution
		HideSolutionNode = FALSE
	EndGlobalSection
	GlobalSection(ExtensibilityGlobals) = postSolution
		SolutionGuid = {588638C2-4843-4487-8F73-C2592A424861}
	EndGlobalSection
EndGlobal
